
Microsoft Visual Studio Solution File, Format Version 12.00
# Visual Studio Version 16
VisualStudioVersion = 16.0.31911.196
MinimumVisualStudioVersion = 10.0.40219.1
Project("{FAE04EC0-301F-11D3-BF4B-00C04F79EFBC}") = "OrderFunction", "OrderFunction\OrderFunction.csproj", "{0AAB64FB-1275-4387-9774-06B7E336C399}"
EndProject
Global
	GlobalSection(SolutionConfigurationPlatforms) = preSolution
		Debug|Any CPU = Debug|Any CPU
		Release|Any CPU = Release|Any CPU
	EndGlobalSection
	GlobalSection(ProjectConfigurationPlatforms) = postSolution
		{0AAB64FB-1275-4387-9774-06B7E336C399}.Debug|Any CPU.ActiveCfg = Debug|Any CPU
		{0AAB64FB-1275-4387-9774-06B7E336C399}.Debug|Any CPU.Build.0 = Debug|Any CPU
		{0AAB64FB-1275-4387-9774-06B7E336C399}.Release|Any CPU.ActiveCfg = Release|Any CPU
		{0AAB64FB-1275-4387-9774-06B7E336C399}.Release|Any CPU.Build.0 = Release|Any CPU
	EndGlobalSection
	GlobalSection(SolutionProperties) = preSolution
		HideSolutionNode = FALSE
	EndGlobalSection
	GlobalSection(ExtensibilityGlobals) = postSolution
		SolutionGuid = {7889FB5B-BB01-49E7-B503-F8D5E5B1C20E}
	EndGlobalSection
EndGlobal
